// !$*UTF8*$!
{
	archiveVersion = 1;
	classes = {
	};
	objectVersion = 46;
	objects = {

/* Begin PBXBuildFile section */
		7B3C6F9F1DD01C620080E27A /* MyPoint.m in Sources */ = {isa = PBXBuildFile; fileRef = 7B3C6F8F1DD01C620080E27A /* MyPoint.m */; };
		7B3C6FA01DD01C620080E27A /* SiriViewController.m in Sources */ = {isa = PBXBuildFile; fileRef = 7B3C6F921DD01C620080E27A /* SiriViewController.m */; };
		7B3C6FA41DD01C620080E27A /* AppDelegate.m in Sources */ = {isa = PBXBuildFile; fileRef = 7B3C6F9B1DD01C620080E27A /* AppDelegate.m */; };
		7B3C6FAE1DD01D480080E27A /* HomeViewController.m in Sources */ = {isa = PBXBuildFile; fileRef = 7B3C6FAC1DD01D480080E27A /* HomeViewController.m */; };
		7B3C6FAF1DD01D480080E27A /* HomeViewController.xib in Resources */ = {isa = PBXBuildFile; fileRef = 7B3C6FAD1DD01D480080E27A /* HomeViewController.xib */; };
		7B3C6FB21DD0229B0080E27A /* SiriView.m in Sources */ = {isa = PBXBuildFile; fileRef = 7B3C6FB11DD0229B0080E27A /* SiriView.m */; };
		7B3C6FB51DD04D670080E27A /* WaveView.m in Sources */ = {isa = PBXBuildFile; fileRef = 7B3C6FB41DD04D670080E27A /* WaveView.m */; };
		7B3C6FB81DD057430080E27A /* WaverViewController.m in Sources */ = {isa = PBXBuildFile; fileRef = 7B3C6FB71DD057430080E27A /* WaverViewController.m */; };
		EE3CC1151DBF33C50028EEBF /* main.m in Sources */ = {isa = PBXBuildFile; fileRef = EE3CC1141DBF33C50028EEBF /* main.m */; };
		EE3CC1201DBF33C50028EEBF /* Assets.xcassets in Resources */ = {isa = PBXBuildFile; fileRef = EE3CC11F1DBF33C50028EEBF /* Assets.xcassets */; };
		EE3CC12E1DBF33C50028EEBF /* VocieTestTests.m in Sources */ = {isa = PBXBuildFile; fileRef = EE3CC12D1DBF33C50028EEBF /* VocieTestTests.m */; };
		EE3CC1391DBF33C50028EEBF /* VocieTestUITests.m in Sources */ = {isa = PBXBuildFile; fileRef = EE3CC1381DBF33C50028EEBF /* VocieTestUITests.m */; };
/* End PBXBuildFile section */

/* Begin PBXContainerItemProxy section */
		EE3CC12A1DBF33C50028EEBF /* PBXContainerItemProxy */ = {
			isa = PBXContainerItemProxy;
			containerPortal = EE3CC1081DBF33C50028EEBF /* Project object */;
			proxyType = 1;
			remoteGlobalIDString = EE3CC10F1DBF33C50028EEBF;
			remoteInfo = VocieTest;
		};
		EE3CC1351DBF33C50028EEBF /* PBXContainerItemProxy */ = {
			isa = PBXContainerItemProxy;
			containerPortal = EE3CC1081DBF33C50028EEBF /* Project object */;
			proxyType = 1;
			remoteGlobalIDString = EE3CC10F1DBF33C50028EEBF;
			remoteInfo = VocieTest;
		};
/* End PBXContainerItemProxy section */

/* Begin PBXFileReference section */
		7B3C6F8E1DD01C620080E27A /* MyPoint.h */ = {isa = PBXFileReference; fileEncoding = 4; lastKnownFileType = sourcecode.c.h; path = MyPoint.h; sourceTree = "<group>"; };
		7B3C6F8F1DD01C620080E27A /* MyPoint.m */ = {isa = PBXFileReference; fileEncoding = 4; lastKnownFileType = sourcecode.c.objc; path = MyPoint.m; sourceTree = "<group>"; };
		7B3C6F911DD01C620080E27A /* SiriViewController.h */ = {isa = PBXFileReference; fileEncoding = 4; lastKnownFileType = sourcecode.c.h; path = SiriViewController.h; sourceTree = "<group>"; };
		7B3C6F921DD01C620080E27A /* SiriViewController.m */ = {isa = PBXFileReference; fileEncoding = 4; lastKnownFileType = sourcecode.c.objc; path = SiriViewController.m; sourceTree = "<group>"; };
		7B3C6F9A1DD01C620080E27A /* AppDelegate.h */ = {isa = PBXFileReference; fileEncoding = 4; lastKnownFileType = sourcecode.c.h; path = AppDelegate.h; sourceTree = "<group>"; };
		7B3C6F9B1DD01C620080E27A /* AppDelegate.m */ = {isa = PBXFileReference; fileEncoding = 4; lastKnownFileType = sourcecode.c.objc; path = AppDelegate.m; sourceTree = "<group>"; };
		7B3C6FAB1DD01D480080E27A /* HomeViewController.h */ = {isa = PBXFileReference; fileEncoding = 4; lastKnownFileType = sourcecode.c.h; path = HomeViewController.h; sourceTree = "<group>"; };
		7B3C6FAC1DD01D480080E27A /* HomeViewController.m */ = {isa = PBXFileReference; fileEncoding = 4; lastKnownFileType = sourcecode.c.objc; path = HomeViewController.m; sourceTree = "<group>"; };
		7B3C6FAD1DD01D480080E27A /* HomeViewController.xib */ = {isa = PBXFileReference; fileEncoding = 4; lastKnownFileType = file.xib; path = HomeViewController.xib; sourceTree = "<group>"; };
		7B3C6FB01DD0229B0080E27A /* SiriView.h */ = {isa = PBXFileReference; fileEncoding = 4; lastKnownFileType = sourcecode.c.h; path = SiriView.h; sourceTree = "<group>"; };
		7B3C6FB11DD0229B0080E27A /* SiriView.m */ = {isa = PBXFileReference; fileEncoding = 4; lastKnownFileType = sourcecode.c.objc; path = SiriView.m; sourceTree = "<group>"; };
		7B3C6FB31DD04D670080E27A /* WaveView.h */ = {isa = PBXFileReference; fileEncoding = 4; lastKnownFileType = sourcecode.c.h; path = WaveView.h; sourceTree = "<group>"; };
		7B3C6FB41DD04D670080E27A /* WaveView.m */ = {isa = PBXFileReference; fileEncoding = 4; lastKnownFileType = sourcecode.c.objc; path = WaveView.m; sourceTree = "<group>"; };
		7B3C6FB61DD057430080E27A /* WaverViewController.h */ = {isa = PBXFileReference; fileEncoding = 4; lastKnownFileType = sourcecode.c.h; path = WaverViewController.h; sourceTree = "<group>"; };
		7B3C6FB71DD057430080E27A /* WaverViewController.m */ = {isa = PBXFileReference; fileEncoding = 4; lastKnownFileType = sourcecode.c.objc; path = WaverViewController.m; sourceTree = "<group>"; };
		EE3CC1101DBF33C50028EEBF /* VocieTest.app */ = {isa = PBXFileReference; explicitFileType = wrapper.application; includeInIndex = 0; path = VocieTest.app; sourceTree = BUILT_PRODUCTS_DIR; };
		EE3CC1141DBF33C50028EEBF /* main.m */ = {isa = PBXFileReference; lastKnownFileType = sourcecode.c.objc; path = main.m; sourceTree = "<group>"; };
		EE3CC11F1DBF33C50028EEBF /* Assets.xcassets */ = {isa = PBXFileReference; lastKnownFileType = folder.assetcatalog; path = Assets.xcassets; sourceTree = "<group>"; };
		EE3CC1241DBF33C50028EEBF /* Info.plist */ = {isa = PBXFileReference; lastKnownFileType = text.plist.xml; path = Info.plist; sourceTree = "<group>"; };
		EE3CC1291DBF33C50028EEBF /* VocieTestTests.xctest */ = {isa = PBXFileReference; explicitFileType = wrapper.cfbundle; includeInIndex = 0; path = VocieTestTests.xctest; sourceTree = BUILT_PRODUCTS_DIR; };
		EE3CC12D1DBF33C50028EEBF /* VocieTestTests.m */ = {isa = PBXFileReference; lastKnownFileType = sourcecode.c.objc; path = VocieTestTests.m; sourceTree = "<group>"; };
		EE3CC12F1DBF33C50028EEBF /* Info.plist */ = {isa = PBXFileReference; lastKnownFileType = text.plist.xml; path = Info.plist; sourceTree = "<group>"; };
		EE3CC1341DBF33C50028EEBF /* VocieTestUITests.xctest */ = {isa = PBXFileReference; explicitFileType = wrapper.cfbundle; includeInIndex = 0; path = VocieTestUITests.xctest; sourceTree = BUILT_PRODUCTS_DIR; };
		EE3CC1381DBF33C50028EEBF /* VocieTestUITests.m */ = {isa = PBXFileReference; lastKnownFileType = sourcecode.c.objc; path = VocieTestUITests.m; sourceTree = "<group>"; };
		EE3CC13A1DBF33C50028EEBF /* Info.plist */ = {isa = PBXFileReference; lastKnownFileType = text.plist.xml; path = Info.plist; sourceTree = "<group>"; };
/* End PBXFileReference section */

/* Begin PBXFrameworksBuildPhase section */
		EE3CC10D1DBF33C50028EEBF /* Frameworks */ = {
			isa = PBXFrameworksBuildPhase;
			buildActionMask = 2147483647;
			files = (
			);
			runOnlyForDeploymentPostprocessing = 0;
		};
		EE3CC1261DBF33C50028EEBF /* Frameworks */ = {
			isa = PBXFrameworksBuildPhase;
			buildActionMask = 2147483647;
			files = (
			);
			runOnlyForDeploymentPostprocessing = 0;
		};
		EE3CC1311DBF33C50028EEBF /* Frameworks */ = {
			isa = PBXFrameworksBuildPhase;
			buildActionMask = 2147483647;
			files = (
			);
			runOnlyForDeploymentPostprocessing = 0;
		};
/* End PBXFrameworksBuildPhase section */

/* Begin PBXGroup section */
		7B3C6F8A1DD01C620080E27A /* Animation */ = {
			isa = PBXGroup;
			children = (
				7B3C6F8B1DD01C620080E27A /* Others */,
				7B3C6F901DD01C620080E27A /* VC */,
				7B3C6F961DD01C620080E27A /* Views */,
			);
			path = Animation;
			sourceTree = "<group>";
		};
		7B3C6F8B1DD01C620080E27A /* Others */ = {
			isa = PBXGroup;
			children = (
				7B3C6F8E1DD01C620080E27A /* MyPoint.h */,
				7B3C6F8F1DD01C620080E27A /* MyPoint.m */,
			);
			path = Others;
			sourceTree = "<group>";
		};
		7B3C6F901DD01C620080E27A /* VC */ = {
			isa = PBXGroup;
			children = (
				7B3C6F911DD01C620080E27A /* SiriViewController.h */,
				7B3C6F921DD01C620080E27A /* SiriViewController.m */,
				7B3C6FB61DD057430080E27A /* WaverViewController.h */,
				7B3C6FB71DD057430080E27A /* WaverViewController.m */,
			);
			path = VC;
			sourceTree = "<group>";
		};
		7B3C6F961DD01C620080E27A /* Views */ = {
			isa = PBXGroup;
			children = (
				7B3C6FB01DD0229B0080E27A /* SiriView.h */,
				7B3C6FB11DD0229B0080E27A /* SiriView.m */,
				7B3C6FB31DD04D670080E27A /* WaveView.h */,
				7B3C6FB41DD04D670080E27A /* WaveView.m */,
			);
			path = Views;
			sourceTree = "<group>";
		};
		7B3C6F991DD01C620080E27A /* AppDelegate+ViewC */ = {
			isa = PBXGroup;
			children = (
				7B3C6F9A1DD01C620080E27A /* AppDelegate.h */,
				7B3C6F9B1DD01C620080E27A /* AppDelegate.m */,
				7B3C6FAB1DD01D480080E27A /* HomeViewController.h */,
				7B3C6FAC1DD01D480080E27A /* HomeViewController.m */,
				7B3C6FAD1DD01D480080E27A /* HomeViewController.xib */,
			);
			path = "AppDelegate+ViewC";
			sourceTree = "<group>";
		};
		EE3CC1071DBF33C50028EEBF = {
			isa = PBXGroup;
			children = (
				EE3CC1121DBF33C50028EEBF /* VocieTest */,
				EE3CC12C1DBF33C50028EEBF /* VocieTestTests */,
				EE3CC1371DBF33C50028EEBF /* VocieTestUITests */,
				EE3CC1111DBF33C50028EEBF /* Products */,
			);
			sourceTree = "<group>";
		};
		EE3CC1111DBF33C50028EEBF /* Products */ = {
			isa = PBXGroup;
			children = (
				EE3CC1101DBF33C50028EEBF /* VocieTest.app */,
				EE3CC1291DBF33C50028EEBF /* VocieTestTests.xctest */,
				EE3CC1341DBF33C50028EEBF /* VocieTestUITests.xctest */,
			);
			name = Products;
			sourceTree = "<group>";
		};
		EE3CC1121DBF33C50028EEBF /* VocieTest */ = {
			isa = PBXGroup;
			children = (
				7B3C6F8A1DD01C620080E27A /* Animation */,
				7B3C6F991DD01C620080E27A /* AppDelegate+ViewC */,
				EE3CC11F1DBF33C50028EEBF /* Assets.xcassets */,
				EE3CC1241DBF33C50028EEBF /* Info.plist */,
				EE3CC1131DBF33C50028EEBF /* Supporting Files */,
			);
			path = VocieTest;
			sourceTree = "<group>";
		};
		EE3CC1131DBF33C50028EEBF /* Supporting Files */ = {
			isa = PBXGroup;
			children = (
				EE3CC1141DBF33C50028EEBF /* main.m */,
			);
			name = "Supporting Files";
			sourceTree = "<group>";
		};
		EE3CC12C1DBF33C50028EEBF /* VocieTestTests */ = {
			isa = PBXGroup;
			children = (
				EE3CC12D1DBF33C50028EEBF /* VocieTestTests.m */,
				EE3CC12F1DBF33C50028EEBF /* Info.plist */,
			);
			path = VocieTestTests;
			sourceTree = "<group>";
		};
		EE3CC1371DBF33C50028EEBF /* VocieTestUITests */ = {
			isa = PBXGroup;
			children = (
				EE3CC1381DBF33C50028EEBF /* VocieTestUITests.m */,
				EE3CC13A1DBF33C50028EEBF /* Info.plist */,
			);
			path = VocieTestUITests;
			sourceTree = "<group>";
		};
/* End PBXGroup section */

/* Begin PBXNativeTarget section */
		EE3CC10F1DBF33C50028EEBF /* VocieTest */ = {
			isa = PBXNativeTarget;
			buildConfigurationList = EE3CC13D1DBF33C50028EEBF /* Build configuration list for PBXNativeTarget "VocieTest" */;
			buildPhases = (
				EE3CC10C1DBF33C50028EEBF /* Sources */,
				EE3CC10D1DBF33C50028EEBF /* Frameworks */,
				EE3CC10E1DBF33C50028EEBF /* Resources */,
			);
			buildRules = (
			);
			dependencies = (
			);
			name = VocieTest;
			productName = VocieTest;
			productReference = EE3CC1101DBF33C50028EEBF /* VocieTest.app */;
			productType = "com.apple.product-type.application";
		};
		EE3CC1281DBF33C50028EEBF /* VocieTestTests */ = {
			isa = PBXNativeTarget;
			buildConfigurationList = EE3CC1401DBF33C50028EEBF /* Build configuration list for PBXNativeTarget "VocieTestTests" */;
			buildPhases = (
				EE3CC1251DBF33C50028EEBF /* Sources */,
				EE3CC1261DBF33C50028EEBF /* Frameworks */,
				EE3CC1271DBF33C50028EEBF /* Resources */,
			);
			buildRules = (
			);
			dependencies = (
				EE3CC12B1DBF33C50028EEBF /* PBXTargetDependency */,
			);
			name = VocieTestTests;
			productName = VocieTestTests;
			productReference = EE3CC1291DBF33C50028EEBF /* VocieTestTests.xctest */;
			productType = "com.apple.product-type.bundle.unit-test";
		};
		EE3CC1331DBF33C50028EEBF /* VocieTestUITests */ = {
			isa = PBXNativeTarget;
			buildConfigurationList = EE3CC1431DBF33C50028EEBF /* Build configuration list for PBXNativeTarget "VocieTestUITests" */;
			buildPhases = (
				EE3CC1301DBF33C50028EEBF /* Sources */,
				EE3CC1311DBF33C50028EEBF /* Frameworks */,
				EE3CC1321DBF33C50028EEBF /* Resources */,
			);
			buildRules = (
			);
			dependencies = (
				EE3CC1361DBF33C50028EEBF /* PBXTargetDependency */,
			);
			name = VocieTestUITests;
			productName = VocieTestUITests;
			productReference = EE3CC1341DBF33C50028EEBF /* VocieTestUITests.xctest */;
			productType = "com.apple.product-type.bundle.ui-testing";
		};
/* End PBXNativeTarget section */

/* Begin PBXProject section */
		EE3CC1081DBF33C50028EEBF /* Project object */ = {
			isa = PBXProject;
			attributes = {
				LastUpgradeCheck = 0800;
				ORGANIZATIONNAME = dxl;
				TargetAttributes = {
					EE3CC10F1DBF33C50028EEBF = {
						CreatedOnToolsVersion = 8.0;
						DevelopmentTeam = 3T7PG2G445;
						ProvisioningStyle = Automatic;
					};
					EE3CC1281DBF33C50028EEBF = {
						CreatedOnToolsVersion = 8.0;
						DevelopmentTeam = 3T7PG2G445;
						ProvisioningStyle = Automatic;
						TestTargetID = EE3CC10F1DBF33C50028EEBF;
					};
					EE3CC1331DBF33C50028EEBF = {
						CreatedOnToolsVersion = 8.0;
						DevelopmentTeam = 3T7PG2G445;
						ProvisioningStyle = Automatic;
						TestTargetID = EE3CC10F1DBF33C50028EEBF;
					};
				};
			};
			buildConfigurationList = EE3CC10B1DBF33C50028EEBF /* Build configuration list for PBXProject "VocieTest" */;
			compatibilityVersion = "Xcode 3.2";
			developmentRegion = English;
			hasScannedForEncodings = 0;
			knownRegions = (
				en,
				Base,
			);
			mainGroup = EE3CC1071DBF33C50028EEBF;
			productRefGroup = EE3CC1111DBF33C50028EEBF /* Products */;
			projectDirPath = "";
			projectRoot = "";
			targets = (
				EE3CC10F1DBF33C50028EEBF /* VocieTest */,
				EE3CC1281DBF33C50028EEBF /* VocieTestTests */,
				EE3CC1331DBF33C50028EEBF /* VocieTestUITests */,
			);
		};
/* End PBXProject section */

/* Begin PBXResourcesBuildPhase section */
		EE3CC10E1DBF33C50028EEBF /* Resources */ = {
			isa = PBXResourcesBuildPhase;
			buildActionMask = 2147483647;
			files = (
				EE3CC1201DBF33C50028EEBF /* Assets.xcassets in Resources */,
				7B3C6FAF1DD01D480080E27A /* HomeViewController.xib in Resources */,
			);
			runOnlyForDeploymentPostprocessing = 0;
		};
		EE3CC1271DBF33C50028EEBF /* Resources */ = {
			isa = PBXResourcesBuildPhase;
			buildActionMask = 2147483647;
			files = (
			);
			runOnlyForDeploymentPostprocessing = 0;
		};
		EE3CC1321DBF33C50028EEBF /* Resources */ = {
			isa = PBXResourcesBuildPhase;
			buildActionMask = 2147483647;
			files = (
			);
			runOnlyForDeploymentPostprocessing = 0;
		};
/* End PBXResourcesBuildPhase section */

/* Begin PBXSourcesBuildPhase section */
		EE3CC10C1DBF33C50028EEBF /* Sources */ = {
			isa = PBXSourcesBuildPhase;
			buildActionMask = 2147483647;
			files = (
				7B3C6FB81DD057430080E27A /* WaverViewController.m in Sources */,
				7B3C6F9F1DD01C620080E27A /* MyPoint.m in Sources */,
				7B3C6FB51DD04D670080E27A /* WaveView.m in Sources */,
				7B3C6FA01DD01C620080E27A /* SiriViewController.m in Sources */,
				EE3CC1151DBF33C50028EEBF /* main.m in Sources */,
				7B3C6FAE1DD01D480080E27A /* HomeViewController.m in Sources */,
				7B3C6FB21DD0229B0080E27A /* SiriView.m in Sources */,
				7B3C6FA41DD01C620080E27A /* AppDelegate.m in Sources */,
			);
			runOnlyForDeploymentPostprocessing = 0;
		};
		EE3CC1251DBF33C50028EEBF /* Sources */ = {
			isa = PBXSourcesBuildPhase;
			buildActionMask = 2147483647;
			files = (
				EE3CC12E1DBF33C50028EEBF /* VocieTestTests.m in Sources */,
			);
			runOnlyForDeploymentPostprocessing = 0;
		};
		EE3CC1301DBF33C50028EEBF /* Sources */ = {
			isa = PBXSourcesBuildPhase;
			buildActionMask = 2147483647;
			files = (
				EE3CC1391DBF33C50028EEBF /* VocieTestUITests.m in Sources */,
			);
			runOnlyForDeploymentPostprocessing = 0;
		};
/* End PBXSourcesBuildPhase section */

/* Begin PBXTargetDependency section */
		EE3CC12B1DBF33C50028EEBF /* PBXTargetDependency */ = {
			isa = PBXTargetDependency;
			target = EE3CC10F1DBF33C50028EEBF /* VocieTest */;
			targetProxy = EE3CC12A1DBF33C50028EEBF /* PBXContainerItemProxy */;
		};
		EE3CC1361DBF33C50028EEBF /* PBXTargetDependency */ = {
			isa = PBXTargetDependency;
			target = EE3CC10F1DBF33C50028EEBF /* VocieTest */;
			targetProxy = EE3CC1351DBF33C50028EEBF /* PBXContainerItemProxy */;
		};
/* End PBXTargetDependency section */

/* Begin XCBuildConfiguration section */
		EE3CC13B1DBF33C50028EEBF /* Debug */ = {
			isa = XCBuildConfiguration;
			buildSettings = {
				ALWAYS_SEARCH_USER_PATHS = NO;
				CLANG_ANALYZER_NONNULL = YES;
				CLANG_CXX_LANGUAGE_STANDARD = "gnu++0x";
				CLANG_CXX_LIBRARY = "libc++";
				CLANG_ENABLE_MODULES = YES;
				CLANG_ENABLE_OBJC_ARC = YES;
				CLANG_WARN_BOOL_CONVERSION = YES;
				CLANG_WARN_CONSTANT_CONVERSION = YES;
				CLANG_WARN_DIRECT_OBJC_ISA_USAGE = YES_ERROR;
				CLANG_WARN_DOCUMENTATION_COMMENTS = YES;
				CLANG_WARN_EMPTY_BODY = YES;
				CLANG_WARN_ENUM_CONVERSION = YES;
				CLANG_WARN_INFINITE_RECURSION = YES;
				CLANG_WARN_INT_CONVERSION = YES;
				CLANG_WARN_OBJC_ROOT_CLASS = YES_ERROR;
				CLANG_WARN_SUSPICIOUS_MOVES = YES;
				CLANG_WARN_UNREACHABLE_CODE = YES;
				CLANG_WARN__DUPLICATE_METHOD_MATCH = YES;
				"CODE_SIGN_IDENTITY[sdk=iphoneos*]" = "iPhone Developer";
				COPY_PHASE_STRIP = NO;
				DEBUG_INFORMATION_FORMAT = dwarf;
				ENABLE_STRICT_OBJC_MSGSEND = YES;
				ENABLE_TESTABILITY = YES;
				GCC_C_LANGUAGE_STANDARD = gnu99;
				GCC_DYNAMIC_NO_PIC = NO;
				GCC_NO_COMMON_BLOCKS = YES;
				GCC_OPTIMIZATION_LEVEL = 0;
				GCC_PREPROCESSOR_DEFINITIONS = (
					"DEBUG=1",
					"$(inherited)",
				);
				GCC_WARN_64_TO_32_BIT_CONVERSION = YES;
				GCC_WARN_ABOUT_RETURN_TYPE = YES_ERROR;
				GCC_WARN_UNDECLARED_SELECTOR = YES;
				GCC_WARN_UNINITIALIZED_AUTOS = YES_AGGRESSIVE;
				GCC_WARN_UNUSED_FUNCTION = YES;
				GCC_WARN_UNUSED_VARIABLE = YES;
				IPHONEOS_DEPLOYMENT_TARGET = 10.0;
				MTL_ENABLE_DEBUG_INFO = YES;
				ONLY_ACTIVE_ARCH = YES;
				SDKROOT = iphoneos;
			};
			name = Debug;
		};
		EE3CC13C1DBF33C50028EEBF /* Release */ = {
			isa = XCBuildConfiguration;
			buildSettings = {
				ALWAYS_SEARCH_USER_PATHS = NO;
				CLANG_ANALYZER_NONNULL = YES;
				CLANG_CXX_LANGUAGE_STANDARD = "gnu++0x";
				CLANG_CXX_LIBRARY = "libc++";
				CLANG_ENABLE_MODULES = YES;
				CLANG_ENABLE_OBJC_ARC = YES;
				CLANG_WARN_BOOL_CONVERSION = YES;
				CLANG_WARN_CONSTANT_CONVERSION = YES;
				CLANG_WARN_DIRECT_OBJC_ISA_USAGE = YES_ERROR;
				CLANG_WARN_DOCUMENTATION_COMMENTS = YES;
				CLANG_WARN_EMPTY_BODY = YES;
				CLANG_WARN_ENUM_CONVERSION = YES;
				CLANG_WARN_INFINITE_RECURSION = YES;
				CLANG_WARN_INT_CONVERSION = YES;
				CLANG_WARN_OBJC_ROOT_CLASS = YES_ERROR;
				CLANG_WARN_SUSPICIOUS_MOVES = YES;
				CLANG_WARN_UNREACHABLE_CODE = YES;
				CLANG_WARN__DUPLICATE_METHOD_MATCH = YES;
				"CODE_SIGN_IDENTITY[sdk=iphoneos*]" = "iPhone Developer";
				COPY_PHASE_STRIP = NO;
				DEBUG_INFORMATION_FORMAT = "dwarf-with-dsym";
				ENABLE_NS_ASSERTIONS = NO;
				ENABLE_STRICT_OBJC_MSGSEND = YES;
				GCC_C_LANGUAGE_STANDARD = gnu99;
				GCC_NO_COMMON_BLOCKS = YES;
				GCC_WARN_64_TO_32_BIT_CONVERSION = YES;
				GCC_WARN_ABOUT_RETURN_TYPE = YES_ERROR;
				GCC_WARN_UNDECLARED_SELECTOR = YES;
				GCC_WARN_UNINITIALIZED_AUTOS = YES_AGGRESSIVE;
				GCC_WARN_UNUSED_FUNCTION = YES;
				GCC_WARN_UNUSED_VARIABLE = YES;
				IPHONEOS_DEPLOYMENT_TARGET = 10.0;
				MTL_ENABLE_DEBUG_INFO = NO;
				SDKROOT = iphoneos;
				VALIDATE_PRODUCT = YES;
			};
			name = Release;
		};
		EE3CC13E1DBF33C50028EEBF /* Debug */ = {
			isa = XCBuildConfiguration;
			buildSettings = {
				ASSETCATALOG_COMPILER_APPICON_NAME = AppIcon;
				DEVELOPMENT_TEAM = 3T7PG2G445;
				INFOPLIST_FILE = VocieTest/Info.plist;
				IPHONEOS_DEPLOYMENT_TARGET = 9.0;
				LD_RUNPATH_SEARCH_PATHS = "$(inherited) @executable_path/Frameworks";
				PRODUCT_BUNDLE_IDENTIFIER = com.dxl.VocieTest;
				PRODUCT_NAME = "$(TARGET_NAME)";
			};
			name = Debug;
		};
		EE3CC13F1DBF33C50028EEBF /* Release */ = {
			isa = XCBuildConfiguration;
			buildSettings = {
				ASSETCATALOG_COMPILER_APPICON_NAME = AppIcon;
				DEVELOPMENT_TEAM = 3T7PG2G445;
				INFOPLIST_FILE = VocieTest/Info.plist;
				IPHONEOS_DEPLOYMENT_TARGET = 9.0;
				LD_RUNPATH_SEARCH_PATHS = "$(inherited) @executable_path/Frameworks";
				PRODUCT_BUNDLE_IDENTIFIER = com.dxl.VocieTest;
				PRODUCT_NAME = "$(TARGET_NAME)";
			};
			name = Release;
		};
		EE3CC1411DBF33C50028EEBF /* Debug */ = {
			isa = XCBuildConfiguration;
			buildSettings = {
				BUNDLE_LOADER = "$(TEST_HOST)";
				DEVELOPMENT_TEAM = 3T7PG2G445;
				INFOPLIST_FILE = VocieTestTests/Info.plist;
				LD_RUNPATH_SEARCH_PATHS = "$(inherited) @executable_path/Frameworks @loader_path/Frameworks";
				PRODUCT_BUNDLE_IDENTIFIER = com.dxl.VocieTestTests;
				PRODUCT_NAME = "$(TARGET_NAME)";
				TEST_HOST = "$(BUILT_PRODUCTS_DIR)/VocieTest.app/VocieTest";
			};
			name = Debug;
		};
		EE3CC1421DBF33C50028EEBF /* Release */ = {
			isa = XCBuildConfiguration;
			buildSettings = {
				BUNDLE_LOADER = "$(TEST_HOST)";
				DEVELOPMENT_TEAM = 3T7PG2G445;
				INFOPLIST_FILE = VocieTestTests/Info.plist;
				LD_RUNPATH_SEARCH_PATHS = "$(inherited) @executable_path/Frameworks @loader_path/Frameworks";
				PRODUCT_BUNDLE_IDENTIFIER = com.dxl.VocieTestTests;
				PRODUCT_NAME = "$(TARGET_NAME)";
				TEST_HOST = "$(BUILT_PRODUCTS_DIR)/VocieTest.app/VocieTest";
			};
			name = Release;
		};
		EE3CC1441DBF33C50028EEBF /* Debug */ = {
			isa = XCBuildConfiguration;
			buildSettings = {
				DEVELOPMENT_TEAM = 3T7PG2G445;
				INFOPLIST_FILE = VocieTestUITests/Info.plist;
				LD_RUNPATH_SEARCH_PATHS = "$(inherited) @executable_path/Frameworks @loader_path/Frameworks";
				PRODUCT_BUNDLE_IDENTIFIER = com.dxl.VocieTestUITests;
				PRODUCT_NAME = "$(TARGET_NAME)";
				TEST_TARGET_NAME = VocieTest;
			};
			name = Debug;
		};
		EE3CC1451DBF33C50028EEBF /* Release */ = {
			isa = XCBuildConfiguration;
			buildSettings = {
				DEVELOPMENT_TEAM = 3T7PG2G445;
				INFOPLIST_FILE = VocieTestUITests/Info.plist;
				LD_RUNPATH_SEARCH_PATHS = "$(inherited) @executable_path/Frameworks @loader_path/Frameworks";
				PRODUCT_BUNDLE_IDENTIFIER = com.dxl.VocieTestUITests;
				PRODUCT_NAME = "$(TARGET_NAME)";
				TEST_TARGET_NAME = VocieTest;
			};
			name = Release;
		};
/* End XCBuildConfiguration section */

/* Begin XCConfigurationList section */
		EE3CC10B1DBF33C50028EEBF /* Build configuration list for PBXProject "VocieTest" */ = {
			isa = XCConfigurationList;
			buildConfigurations = (
				EE3CC13B1DBF33C50028EEBF /* Debug */,
				EE3CC13C1DBF33C50028EEBF /* Release */,
			);
			defaultConfigurationIsVisible = 0;
			defaultConfigurationName = Release;
		};
		EE3CC13D1DBF33C50028EEBF /* Build configuration list for PBXNativeTarget "VocieTest" */ = {
			isa = XCConfigurationList;
			buildConfigurations = (
				EE3CC13E1DBF33C50028EEBF /* Debug */,
				EE3CC13F1DBF33C50028EEBF /* Release */,
			);
			defaultConfigurationIsVisible = 0;
			defaultConfigurationName = Release;
		};
		EE3CC1401DBF33C50028EEBF /* Build configuration list for PBXNativeTarget "VocieTestTests" */ = {
			isa = XCConfigurationList;
			buildConfigurations = (
				EE3CC1411DBF33C50028EEBF /* Debug */,
				EE3CC1421DBF33C50028EEBF /* Release */,
			);
			defaultConfigurationIsVisible = 0;
			defaultConfigurationName = Release;
		};
		EE3CC1431DBF33C50028EEBF /* Build configuration list for PBXNativeTarget "VocieTestUITests" */ = {
			isa = XCConfigurationList;
			buildConfigurations = (
				EE3CC1441DBF33C50028EEBF /* Debug */,
				EE3CC1451DBF33C50028EEBF /* Release */,
			);
			defaultConfigurationIsVisible = 0;
			defaultConfigurationName = Release;
		};
/* End XCConfigurationList section */
	};
	rootObject = EE3CC1081DBF33C50028EEBF /* Project object */;
}
